
Microsoft Visual Studio Solution File, Format Version 12.00
# Visual Studio Version 17
VisualStudioVersion = 17.1.32228.430
MinimumVisualStudioVersion = 10.0.40219.1
Project("{FAE04EC0-301F-11D3-BF4B-00C04F79EFBC}") = "ProjetoTreinoEvo", "ProjetoTreinoEvo\ProjetoTreinoEvo.csproj", "{C4AEC9B9-2BA5-4AB9-B650-F1F58D48CFE4}"
EndProject
Global
	GlobalSection(SolutionConfigurationPlatforms) = preSolution
		Debug|Any CPU = Debug|Any CPU
		Release|Any CPU = Release|Any CPU
	EndGlobalSection
	GlobalSection(ProjectConfigurationPlatforms) = postSolution
		{C4AEC9B9-2BA5-4AB9-B650-F1F58D48CFE4}.Debug|Any CPU.ActiveCfg = Debug|Any CPU
		{C4AEC9B9-2BA5-4AB9-B650-F1F58D48CFE4}.Debug|Any CPU.Build.0 = Debug|Any CPU
		{C4AEC9B9-2BA5-4AB9-B650-F1F58D48CFE4}.Release|Any CPU.ActiveCfg = Release|Any CPU
		{C4AEC9B9-2BA5-4AB9-B650-F1F58D48CFE4}.Release|Any CPU.Build.0 = Release|Any CPU
	EndGlobalSection
	GlobalSection(SolutionProperties) = preSolution
		HideSolutionNode = FALSE
	EndGlobalSection
	GlobalSection(ExtensibilityGlobals) = postSolution
		SolutionGuid = {249141AC-0A9B-4C8C-B740-59957C801274}
	EndGlobalSection
EndGlobal
